lockfileVersion: 5.4

specifiers:
  prettier: ^2.7.1
  prettier-plugin-tailwindcss: ^0.1.11

dependencies:
  prettier: 2.7.1
  prettier-plugin-tailwindcss: 0.1.11_prettier@2.7.1

packages:
  /prettier-plugin-tailwindcss/0.1.11_prettier@2.7.1:
    resolution:
      {
        integrity: sha512-a28+1jvpIZQdZ/W97wOXb6VqI762MKE/TxMMuibMEHhyYsSxQA8Ek30KObd5kJI2HF1ldtSYprFayXJXi3pz8Q==,
      }
    engines: { node: '>=12.17.0' }
    peerDependencies:
      prettier: '>=2.2.0'
    dependencies:
      prettier: 2.7.1
    dev: false

  /prettier/2.7.1:
    resolution:
      {
        integrity: sha512-ujppO+MkdPqoVINuDFDRLClm7D78qbDt0/NR+wp5FqEZOoTNAjPHWj17QRhu7geIHJfcNhRk1XVQmF8Bp3ye+g==,
      }
    engines: { node: '>=10.13.0' }
    hasBin: true
    dev: false
